
Microsoft Visual Studio Solution File, Format Version 12.00
# Visual Studio Version 17
VisualStudioVersion = 17.4.33403.182
MinimumVisualStudioVersion = 10.0.40219.1
Project("{9A19103F-16F7-4668-BE54-9A1E7A4F7556}") = "mk.profanity", "mk.profanity\mk.profanity.csproj", "{AA0A1BB5-3F9A-4BF0-82CA-98F8BE3D7967}"
EndProject
Project("{9A19103F-16F7-4668-BE54-9A1E7A4F7556}") = "mk.profanity.tests", "mk.profanity.tests\mk.profanity.tests.csproj", "{6C071007-8604-4666-AE06-1AE7661FF7A4}"
EndProject
Global
	GlobalSection(SolutionConfigurationPlatforms) = preSolution
		Debug|Any CPU = Debug|Any CPU
		Release|Any CPU = Release|Any CPU
	EndGlobalSection
	GlobalSection(ProjectConfigurationPlatforms) = postSolution
		{AA0A1BB5-3F9A-4BF0-82CA-98F8BE3D7967}.Debug|Any CPU.ActiveCfg = Debug|Any CPU
		{AA0A1BB5-3F9A-4BF0-82CA-98F8BE3D7967}.Debug|Any CPU.Build.0 = Debug|Any CPU
		{AA0A1BB5-3F9A-4BF0-82CA-98F8BE3D7967}.Release|Any CPU.ActiveCfg = Release|Any CPU
		{AA0A1BB5-3F9A-4BF0-82CA-98F8BE3D7967}.Release|Any CPU.Build.0 = Release|Any CPU
		{6C071007-8604-4666-AE06-1AE7661FF7A4}.Debug|Any CPU.ActiveCfg = Debug|Any CPU
		{6C071007-8604-4666-AE06-1AE7661FF7A4}.Debug|Any CPU.Build.0 = Debug|Any CPU
		{6C071007-8604-4666-AE06-1AE7661FF7A4}.Release|Any CPU.ActiveCfg = Release|Any CPU
		{6C071007-8604-4666-AE06-1AE7661FF7A4}.Release|Any CPU.Build.0 = Release|Any CPU
	EndGlobalSection
	GlobalSection(SolutionProperties) = preSolution
		HideSolutionNode = FALSE
	EndGlobalSection
	GlobalSection(ExtensibilityGlobals) = postSolution
		SolutionGuid = {0BA42BA1-D98B-44BE-A183-5785288852A6}
	EndGlobalSection
EndGlobal
